// !$*UTF8*$!
{
	archiveVersion = 1;
	classes = {
	};
	objectVersion = 55;
	objects = {

/* Begin PBXBuildFile section */
		2F11CF50B97100AA2315C0D5 /* Pods_Quotes.framework in Frameworks */ = {isa = PBXBuildFile; fileRef = 02461A4399B11D9835BFBA8F /* Pods_Quotes.framework */; };
		7F096B8627F3567D004FE4D5 /* NotionAPI.swift in Sources */ = {isa = PBXBuildFile; fileRef = 7F096B8527F3567D004FE4D5 /* NotionAPI.swift */; };
		7F9656C127D9AEE700D67B28 /* AppDelegate.swift in Sources */ = {isa = PBXBuildFile; fileRef = 7F9656C027D9AEE700D67B28 /* AppDelegate.swift */; };
		7F9656C327D9AEE700D67B28 /* SceneDelegate.swift in Sources */ = {isa = PBXBuildFile; fileRef = 7F9656C227D9AEE700D67B28 /* SceneDelegate.swift */; };
		7F9656C527D9AEE700D67B28 /* SignInViewController.swift in Sources */ = {isa = PBXBuildFile; fileRef = 7F9656C427D9AEE700D67B28 /* SignInViewController.swift */; };
		7F9656C827D9AEE700D67B28 /* Main.storyboard in Resources */ = {isa = PBXBuildFile; fileRef = 7F9656C627D9AEE700D67B28 /* Main.storyboard */; };
		7F9656CB27D9AEE700D67B28 /* Quotes.xcdatamodeld in Sources */ = {isa = PBXBuildFile; fileRef = 7F9656C927D9AEE700D67B28 /* Quotes.xcdatamodeld */; };
		7F9656CD27D9AEE800D67B28 /* Assets.xcassets in Resources */ = {isa = PBXBuildFile; fileRef = 7F9656CC27D9AEE800D67B28 /* Assets.xcassets */; };
		7F9656D027D9AEE800D67B28 /* LaunchScreen.storyboard in Resources */ = {isa = PBXBuildFile; fileRef = 7F9656CE27D9AEE800D67B28 /* LaunchScreen.storyboard */; };
		7F9656DA27E0523300D67B28 /* credentials.plist in Resources */ = {isa = PBXBuildFile; fileRef = 7F9656D927E0523300D67B28 /* credentials.plist */; };
		7F9656DC27E0C16600D67B28 /* CategoryViewController.swift in Sources */ = {isa = PBXBuildFile; fileRef = 7F9656DB27E0C16600D67B28 /* CategoryViewController.swift */; };
		7F9656E427E2DA9D00D67B28 /* CategoryCell.swift in Sources */ = {isa = PBXBuildFile; fileRef = 7F9656E327E2DA9D00D67B28 /* CategoryCell.swift */; };
		7F9656E827E3E4EE00D67B28 /* QuotesViewController.swift in Sources */ = {isa = PBXBuildFile; fileRef = 7F9656E727E3E4EE00D67B28 /* QuotesViewController.swift */; };
		7F9656EC27E4907300D67B28 /* QuoteCell.swift in Sources */ = {isa = PBXBuildFile; fileRef = 7F9656EB27E4907300D67B28 /* QuoteCell.swift */; };
		7F9656F127E8905B00D67B28 /* NewQuoteViewController.swift in Sources */ = {isa = PBXBuildFile; fileRef = 7F9656F027E8905B00D67B28 /* NewQuoteViewController.swift */; };
		7F9656F327F2D24500D67B28 /* AuthorViewController.swift in Sources */ = {isa = PBXBuildFile; fileRef = 7F9656F227F2D24500D67B28 /* AuthorViewController.swift */; };
/* End PBXBuildFile section */

/* Begin PBXFileReference section */
		02461A4399B11D9835BFBA8F /* Pods_Quotes.framework */ = {isa = PBXFileReference; explicitFileType = wrapper.framework; includeInIndex = 0; path = Pods_Quotes.framework; sourceTree = BUILT_PRODUCTS_DIR; };
		7F096B8527F3567D004FE4D5 /* NotionAPI.swift */ = {isa = PBXFileReference; lastKnownFileType = sourcecode.swift; path = NotionAPI.swift; sourceTree = "<group>"; };
		7F096B8727F3E516004FE4D5 /* NOtion api.playground */ = {isa = PBXFileReference; lastKnownFileType = file.playground; name = "NOtion api.playground"; path = "../NOtion api.playground"; sourceTree = "<group>"; xcLanguageSpecificationIdentifier = xcode.lang.swift; };
		7F9656BD27D9AEE700D67B28 /* Quotes.app */ = {isa = PBXFileReference; explicitFileType = wrapper.application; includeInIndex = 0; path = Quotes.app; sourceTree = BUILT_PRODUCTS_DIR; };
		7F9656C027D9AEE700D67B28 /* AppDelegate.swift */ = {isa = PBXFileReference; lastKnownFileType = sourcecode.swift; path = AppDelegate.swift; sourceTree = "<group>"; };
		7F9656C227D9AEE700D67B28 /* SceneDelegate.swift */ = {isa = PBXFileReference; lastKnownFileType = sourcecode.swift; path = SceneDelegate.swift; sourceTree = "<group>"; };
		7F9656C427D9AEE700D67B28 /* SignInViewController.swift */ = {isa = PBXFileReference; lastKnownFileType = sourcecode.swift; path = SignInViewController.swift; sourceTree = "<group>"; };
		7F9656C727D9AEE700D67B28 /* Base */ = {isa = PBXFileReference; lastKnownFileType = file.storyboard; name = Base; path = Base.lproj/Main.storyboard; sourceTree = "<group>"; };
		7F9656CA27D9AEE700D67B28 /* Quotes.xcdatamodel */ = {isa = PBXFileReference; lastKnownFileType = wrapper.xcdatamodel; path = Quotes.xcdatamodel; sourceTree = "<group>"; };
		7F9656CC27D9AEE800D67B28 /* Assets.xcassets */ = {isa = PBXFileReference; lastKnownFileType = folder.assetcatalog; path = Assets.xcassets; sourceTree = "<group>"; };
		7F9656CF27D9AEE800D67B28 /* Base */ = {isa = PBXFileReference; lastKnownFileType = file.storyboard; name = Base; path = Base.lproj/LaunchScreen.storyboard; sourceTree = "<group>"; };
		7F9656D127D9AEE800D67B28 /* Info.plist */ = {isa = PBXFileReference; lastKnownFileType = text.plist.xml; path = Info.plist; sourceTree = "<group>"; };
		7F9656D927E0523300D67B28 /* credentials.plist */ = {isa = PBXFileReference; fileEncoding = 4; lastKnownFileType = text.plist.xml; path = credentials.plist; sourceTree = "<group>"; };
		7F9656DB27E0C16600D67B28 /* CategoryViewController.swift */ = {isa = PBXFileReference; lastKnownFileType = sourcecode.swift; path = CategoryViewController.swift; sourceTree = "<group>"; };
		7F9656E327E2DA9D00D67B28 /* CategoryCell.swift */ = {isa = PBXFileReference; lastKnownFileType = sourcecode.swift; path = CategoryCell.swift; sourceTree = "<group>"; };
		7F9656E727E3E4EE00D67B28 /* QuotesViewController.swift */ = {isa = PBXFileReference; lastKnownFileType = sourcecode.swift; path = QuotesViewController.swift; sourceTree = "<group>"; };
		7F9656EB27E4907300D67B28 /* QuoteCell.swift */ = {isa = PBXFileReference; lastKnownFileType = sourcecode.swift; path = QuoteCell.swift; sourceTree = "<group>"; };
		7F9656F027E8905B00D67B28 /* NewQuoteViewController.swift */ = {isa = PBXFileReference; lastKnownFileType = sourcecode.swift; path = NewQuoteViewController.swift; sourceTree = "<group>"; };
		7F9656F227F2D24500D67B28 /* AuthorViewController.swift */ = {isa = PBXFileReference; lastKnownFileType = sourcecode.swift; path = AuthorViewController.swift; sourceTree = "<group>"; };
		A496D6D72A3935426AB67470 /* Pods-Quotes.debug.xcconfig */ = {isa = PBXFileReference; includeInIndex = 1; lastKnownFileType = text.xcconfig; name = "Pods-Quotes.debug.xcconfig"; path = "Target Support Files/Pods-Quotes/Pods-Quotes.debug.xcconfig"; sourceTree = "<group>"; };
		B9E4B2BAEF1A078DAF038FF6 /* Pods-Quotes.release.xcconfig */ = {isa = PBXFileReference; includeInIndex = 1; lastKnownFileType = text.xcconfig; name = "Pods-Quotes.release.xcconfig"; path = "Target Support Files/Pods-Quotes/Pods-Quotes.release.xcconfig"; sourceTree = "<group>"; };
/* End PBXFileReference section */

/* Begin PBXFrameworksBuildPhase section */
		7F9656BA27D9AEE700D67B28 /* Frameworks */ = {
			isa = PBXFrameworksBuildPhase;
			buildActionMask = 2147483647;
			files = (
				2F11CF50B97100AA2315C0D5 /* Pods_Quotes.framework in Frameworks */,
			);
			runOnlyForDeploymentPostprocessing = 0;
		};
/* End PBXFrameworksBuildPhase section */

/* Begin PBXGroup section */
		446AAA1C7086FF5171AAB9A2 /* Frameworks */ = {
			isa = PBXGroup;
			children = (
				02461A4399B11D9835BFBA8F /* Pods_Quotes.framework */,
			);
			name = Frameworks;
			sourceTree = "<group>";
		};
		7F9656B427D9AEE600D67B28 = {
			isa = PBXGroup;
			children = (
				7F096B8727F3E516004FE4D5 /* NOtion api.playground */,
				7F9656BF27D9AEE700D67B28 /* Quotes */,
				7F9656BE27D9AEE700D67B28 /* Products */,
				8E282B701BA684C68C6C2490 /* Pods */,
				446AAA1C7086FF5171AAB9A2 /* Frameworks */,
			);
			sourceTree = "<group>";
		};
		7F9656BE27D9AEE700D67B28 /* Products */ = {
			isa = PBXGroup;
			children = (
				7F9656BD27D9AEE700D67B28 /* Quotes.app */,
			);
			name = Products;
			sourceTree = "<group>";
		};
		7F9656BF27D9AEE700D67B28 /* Quotes */ = {
			isa = PBXGroup;
			children = (
				7F9656C027D9AEE700D67B28 /* AppDelegate.swift */,
				7F9656C227D9AEE700D67B28 /* SceneDelegate.swift */,
				7F9656EE27E8507A00D67B28 /* Model */,
				7F9656ED27E8506100D67B28 /* View */,
				7F9656EF27E8509700D67B28 /* Controller */,
				7F9656CC27D9AEE800D67B28 /* Assets.xcassets */,
				7F9656CE27D9AEE800D67B28 /* LaunchScreen.storyboard */,
				7F9656D927E0523300D67B28 /* credentials.plist */,
				7F9656D127D9AEE800D67B28 /* Info.plist */,
				7F9656C927D9AEE700D67B28 /* Quotes.xcdatamodeld */,
			);
			path = Quotes;
			sourceTree = "<group>";
		};
		7F9656ED27E8506100D67B28 /* View */ = {
			isa = PBXGroup;
			children = (
				7F9656C627D9AEE700D67B28 /* Main.storyboard */,
			);
			path = View;
			sourceTree = "<group>";
		};
		7F9656EE27E8507A00D67B28 /* Model */ = {
			isa = PBXGroup;
			children = (
				7F096B8527F3567D004FE4D5 /* NotionAPI.swift */,
			);
			path = Model;
			sourceTree = "<group>";
		};
		7F9656EF27E8509700D67B28 /* Controller */ = {
			isa = PBXGroup;
			children = (
				7F9656C427D9AEE700D67B28 /* SignInViewController.swift */,
				7F9656DB27E0C16600D67B28 /* CategoryViewController.swift */,
				7F9656E727E3E4EE00D67B28 /* QuotesViewController.swift */,
				7F9656E327E2DA9D00D67B28 /* CategoryCell.swift */,
				7F9656EB27E4907300D67B28 /* QuoteCell.swift */,
				7F9656F027E8905B00D67B28 /* NewQuoteViewController.swift */,
				7F9656F227F2D24500D67B28 /* AuthorViewController.swift */,
			);
			path = Controller;
			sourceTree = "<group>";
		};
		8E282B701BA684C68C6C2490 /* Pods */ = {
			isa = PBXGroup;
			children = (
				A496D6D72A3935426AB67470 /* Pods-Quotes.debug.xcconfig */,
				B9E4B2BAEF1A078DAF038FF6 /* Pods-Quotes.release.xcconfig */,
			);
			path = Pods;
			sourceTree = "<group>";
		};
/* End PBXGroup section */

/* Begin PBXNativeTarget section */
		7F9656BC27D9AEE700D67B28 /* Quotes */ = {
			isa = PBXNativeTarget;
			buildConfigurationList = 7F9656D427D9AEE800D67B28 /* Build configuration list for PBXNativeTarget "Quotes" */;
			buildPhases = (
				FFF9E95C34F8429FAE8C889F /* [CP] Check Pods Manifest.lock */,
				7F9656B927D9AEE700D67B28 /* Sources */,
				7F9656BA27D9AEE700D67B28 /* Frameworks */,
				7F9656BB27D9AEE700D67B28 /* Resources */,
				6B10126A75225E8D98233F80 /* [CP] Embed Pods Frameworks */,
			);
			buildRules = (
			);
			dependencies = (
			);
			name = Quotes;
			productName = Quotes;
			productReference = 7F9656BD27D9AEE700D67B28 /* Quotes.app */;
			productType = "com.apple.product-type.application";
		};
/* End PBXNativeTarget section */

/* Begin PBXProject section */
		7F9656B527D9AEE600D67B28 /* Project object */ = {
			isa = PBXProject;
			attributes = {
				BuildIndependentTargetsInParallel = 1;
				LastSwiftUpdateCheck = 1320;
				LastUpgradeCheck = 1320;
				TargetAttributes = {
					7F9656BC27D9AEE700D67B28 = {
						CreatedOnToolsVersion = 13.2.1;
					};
				};
			};
			buildConfigurationList = 7F9656B827D9AEE600D67B28 /* Build configuration list for PBXProject "Quotes" */;
			compatibilityVersion = "Xcode 13.0";
			developmentRegion = en;
			hasScannedForEncodings = 0;
			knownRegions = (
				en,
				Base,
			);
			mainGroup = 7F9656B427D9AEE600D67B28;
			productRefGroup = 7F9656BE27D9AEE700D67B28 /* Products */;
			projectDirPath = "";
			projectRoot = "";
			targets = (
				7F9656BC27D9AEE700D67B28 /* Quotes */,
			);
		};
/* End PBXProject section */

/* Begin PBXResourcesBuildPhase section */
		7F9656BB27D9AEE700D67B28 /* Resources */ = {
			isa = PBXResourcesBuildPhase;
			buildActionMask = 2147483647;
			files = (
				7F9656D027D9AEE800D67B28 /* LaunchScreen.storyboard in Resources */,
				7F9656DA27E0523300D67B28 /* credentials.plist in Resources */,
				7F9656CD27D9AEE800D67B28 /* Assets.xcassets in Resources */,
				7F9656C827D9AEE700D67B28 /* Main.storyboard in Resources */,
			);
			runOnlyForDeploymentPostprocessing = 0;
		};
/* End PBXResourcesBuildPhase section */

/* Begin PBXShellScriptBuildPhase section */
		6B10126A75225E8D98233F80 /* [CP] Embed Pods Frameworks */ = {
			isa = PBXShellScriptBuildPhase;
			buildActionMask = 2147483647;
			files = (
			);
			inputFileListPaths = (
				"${PODS_ROOT}/Target Support Files/Pods-Quotes/Pods-Quotes-frameworks-${CONFIGURATION}-input-files.xcfilelist",
			);
			name = "[CP] Embed Pods Frameworks";
			outputFileListPaths = (
				"${PODS_ROOT}/Target Support Files/Pods-Quotes/Pods-Quotes-frameworks-${CONFIGURATION}-output-files.xcfilelist",
			);
			runOnlyForDeploymentPostprocessing = 0;
			shellPath = /bin/sh;
			shellScript = "\"${PODS_ROOT}/Target Support Files/Pods-Quotes/Pods-Quotes-frameworks.sh\"\n";
			showEnvVarsInLog = 0;
		};
		FFF9E95C34F8429FAE8C889F /* [CP] Check Pods Manifest.lock */ = {
			isa = PBXShellScriptBuildPhase;
			buildActionMask = 2147483647;
			files = (
			);
			inputFileListPaths = (
			);
			inputPaths = (
				"${PODS_PODFILE_DIR_PATH}/Podfile.lock",
				"${PODS_ROOT}/Manifest.lock",
			);
			name = "[CP] Check Pods Manifest.lock";
			outputFileListPaths = (
			);
			outputPaths = (
				"$(DERIVED_FILE_DIR)/Pods-Quotes-checkManifestLockResult.txt",
			);
			runOnlyForDeploymentPostprocessing = 0;
			shellPath = /bin/sh;
			shellScript = "diff \"${PODS_PODFILE_DIR_PATH}/Podfile.lock\" \"${PODS_ROOT}/Manifest.lock\" > /dev/null\nif [ $? != 0 ] ; then\n    # print error to STDERR\n    echo \"error: The sandbox is not in sync with the Podfile.lock. Run 'pod install' or update your CocoaPods installation.\" >&2\n    exit 1\nfi\n# This output is used by Xcode 'outputs' to avoid re-running this script phase.\necho \"SUCCESS\" > \"${SCRIPT_OUTPUT_FILE_0}\"\n";
			showEnvVarsInLog = 0;
		};
/* End PBXShellScriptBuildPhase section */

/* Begin PBXSourcesBuildPhase section */
		7F9656B927D9AEE700D67B28 /* Sources */ = {
			isa = PBXSourcesBuildPhase;
			buildActionMask = 2147483647;
			files = (
				7F096B8627F3567D004FE4D5 /* NotionAPI.swift in Sources */,
				7F9656DC27E0C16600D67B28 /* CategoryViewController.swift in Sources */,
				7F9656CB27D9AEE700D67B28 /* Quotes.xcdatamodeld in Sources */,
				7F9656EC27E4907300D67B28 /* QuoteCell.swift in Sources */,
				7F9656F327F2D24500D67B28 /* AuthorViewController.swift in Sources */,
				7F9656C527D9AEE700D67B28 /* SignInViewController.swift in Sources */,
				7F9656E427E2DA9D00D67B28 /* CategoryCell.swift in Sources */,
				7F9656C127D9AEE700D67B28 /* AppDelegate.swift in Sources */,
				7F9656C327D9AEE700D67B28 /* SceneDelegate.swift in Sources */,
				7F9656E827E3E4EE00D67B28 /* QuotesViewController.swift in Sources */,
				7F9656F127E8905B00D67B28 /* NewQuoteViewController.swift in Sources */,
			);
			runOnlyForDeploymentPostprocessing = 0;
		};
/* End PBXSourcesBuildPhase section */

/* Begin PBXVariantGroup section */
		7F9656C627D9AEE700D67B28 /* Main.storyboard */ = {
			isa = PBXVariantGroup;
			children = (
				7F9656C727D9AEE700D67B28 /* Base */,
			);
			name = Main.storyboard;
			sourceTree = "<group>";
		};
		7F9656CE27D9AEE800D67B28 /* LaunchScreen.storyboard */ = {
			isa = PBXVariantGroup;
			children = (
				7F9656CF27D9AEE800D67B28 /* Base */,
			);
			name = LaunchScreen.storyboard;
			sourceTree = "<group>";
		};
/* End PBXVariantGroup section */

/* Begin XCBuildConfiguration section */
		7F9656D227D9AEE800D67B28 /* Debug */ = {
			isa = XCBuildConfiguration;
			buildSettings = {
				ALWAYS_SEARCH_USER_PATHS = NO;
				CLANG_ANALYZER_NONNULL = YES;
				CLANG_ANALYZER_NUMBER_OBJECT_CONVERSION = YES_AGGRESSIVE;
				CLANG_CXX_LANGUAGE_STANDARD = "gnu++17";
				CLANG_CXX_LIBRARY = "libc++";
				CLANG_ENABLE_MODULES = YES;
				CLANG_ENABLE_OBJC_ARC = YES;
				CLANG_ENABLE_OBJC_WEAK = YES;
				CLANG_WARN_BLOCK_CAPTURE_AUTORELEASING = YES;
				CLANG_WARN_BOOL_CONVERSION = YES;
				CLANG_WARN_COMMA = YES;
				CLANG_WARN_CONSTANT_CONVERSION = YES;
				CLANG_WARN_DEPRECATED_OBJC_IMPLEMENTATIONS = YES;
				CLANG_WARN_DIRECT_OBJC_ISA_USAGE = YES_ERROR;
				CLANG_WARN_DOCUMENTATION_COMMENTS = YES;
				CLANG_WARN_EMPTY_BODY = YES;
				CLANG_WARN_ENUM_CONVERSION = YES;
				CLANG_WARN_INFINITE_RECURSION = YES;
				CLANG_WARN_INT_CONVERSION = YES;
				CLANG_WARN_NON_LITERAL_NULL_CONVERSION = YES;
				CLANG_WARN_OBJC_IMPLICIT_RETAIN_SELF = YES;
				CLANG_WARN_OBJC_LITERAL_CONVERSION = YES;
				CLANG_WARN_OBJC_ROOT_CLASS = YES_ERROR;
				CLANG_WARN_QUOTED_INCLUDE_IN_FRAMEWORK_HEADER = YES;
				CLANG_WARN_RANGE_LOOP_ANALYSIS = YES;
				CLANG_WARN_STRICT_PROTOTYPES = YES;
				CLANG_WARN_SUSPICIOUS_MOVE = YES;
				CLANG_WARN_UNGUARDED_AVAILABILITY = YES_AGGRESSIVE;
				CLANG_WARN_UNREACHABLE_CODE = YES;
				CLANG_WARN__DUPLICATE_METHOD_MATCH = YES;
				COPY_PHASE_STRIP = NO;
				DEBUG_INFORMATION_FORMAT = dwarf;
				ENABLE_STRICT_OBJC_MSGSEND = YES;
				ENABLE_TESTABILITY = YES;
				GCC_C_LANGUAGE_STANDARD = gnu11;
				GCC_DYNAMIC_NO_PIC = NO;
				GCC_NO_COMMON_BLOCKS = YES;
				GCC_OPTIMIZATION_LEVEL = 0;
				GCC_PREPROCESSOR_DEFINITIONS = (
					"DEBUG=1",
					"$(inherited)",
				);
				GCC_WARN_64_TO_32_BIT_CONVERSION = YES;
				GCC_WARN_ABOUT_RETURN_TYPE = YES_ERROR;
				GCC_WARN_UNDECLARED_SELECTOR = YES;
				GCC_WARN_UNINITIALIZED_AUTOS = YES_AGGRESSIVE;
				GCC_WARN_UNUSED_FUNCTION = YES;
				GCC_WARN_UNUSED_VARIABLE = YES;
				IPHONEOS_DEPLOYMENT_TARGET = 15.2;
				MTL_ENABLE_DEBUG_INFO = INCLUDE_SOURCE;
				MTL_FAST_MATH = YES;
				ONLY_ACTIVE_ARCH = YES;
				SDKROOT = iphoneos;
				SWIFT_ACTIVE_COMPILATION_CONDITIONS = DEBUG;
				SWIFT_OPTIMIZATION_LEVEL = "-Onone";
			};
			name = Debug;
		};
		7F9656D327D9AEE800D67B28 /* Release */ = {
			isa = XCBuildConfiguration;
			buildSettings = {
				ALWAYS_SEARCH_USER_PATHS = NO;
				CLANG_ANALYZER_NONNULL = YES;
				CLANG_ANALYZER_NUMBER_OBJECT_CONVERSION = YES_AGGRESSIVE;
				CLANG_CXX_LANGUAGE_STANDARD = "gnu++17";
				CLANG_CXX_LIBRARY = "libc++";
				CLANG_ENABLE_MODULES = YES;
				CLANG_ENABLE_OBJC_ARC = YES;
				CLANG_ENABLE_OBJC_WEAK = YES;
				CLANG_WARN_BLOCK_CAPTURE_AUTORELEASING = YES;
				CLANG_WARN_BOOL_CONVERSION = YES;
				CLANG_WARN_COMMA = YES;
				CLANG_WARN_CONSTANT_CONVERSION = YES;
				CLANG_WARN_DEPRECATED_OBJC_IMPLEMENTATIONS = YES;
				CLANG_WARN_DIRECT_OBJC_ISA_USAGE = YES_ERROR;
				CLANG_WARN_DOCUMENTATION_COMMENTS = YES;
				CLANG_WARN_EMPTY_BODY = YES;
				CLANG_WARN_ENUM_CONVERSION = YES;
				CLANG_WARN_INFINITE_RECURSION = YES;
				CLANG_WARN_INT_CONVERSION = YES;
				CLANG_WARN_NON_LITERAL_NULL_CONVERSION = YES;
				CLANG_WARN_OBJC_IMPLICIT_RETAIN_SELF = YES;
				CLANG_WARN_OBJC_LITERAL_CONVERSION = YES;
				CLANG_WARN_OBJC_ROOT_CLASS = YES_ERROR;
				CLANG_WARN_QUOTED_INCLUDE_IN_FRAMEWORK_HEADER = YES;
				CLANG_WARN_RANGE_LOOP_ANALYSIS = YES;
				CLANG_WARN_STRICT_PROTOTYPES = YES;
				CLANG_WARN_SUSPICIOUS_MOVE = YES;
				CLANG_WARN_UNGUARDED_AVAILABILITY = YES_AGGRESSIVE;
				CLANG_WARN_UNREACHABLE_CODE = YES;
				CLANG_WARN__DUPLICATE_METHOD_MATCH = YES;
				COPY_PHASE_STRIP = NO;
				DEBUG_INFORMATION_FORMAT = "dwarf-with-dsym";
				ENABLE_NS_ASSERTIONS = NO;
				ENABLE_STRICT_OBJC_MSGSEND = YES;
				GCC_C_LANGUAGE_STANDARD = gnu11;
				GCC_NO_COMMON_BLOCKS = YES;
				GCC_WARN_64_TO_32_BIT_CONVERSION = YES;
				GCC_WARN_ABOUT_RETURN_TYPE = YES_ERROR;
				GCC_WARN_UNDECLARED_SELECTOR = YES;
				GCC_WARN_UNINITIALIZED_AUTOS = YES_AGGRESSIVE;
				GCC_WARN_UNUSED_FUNCTION = YES;
				GCC_WARN_UNUSED_VARIABLE = YES;
				IPHONEOS_DEPLOYMENT_TARGET = 15.2;
				MTL_ENABLE_DEBUG_INFO = NO;
				MTL_FAST_MATH = YES;
				SDKROOT = iphoneos;
				SWIFT_COMPILATION_MODE = wholemodule;
				SWIFT_OPTIMIZATION_LEVEL = "-O";
				VALIDATE_PRODUCT = YES;
			};
			name = Release;
		};
		7F9656D527D9AEE800D67B28 /* Debug */ = {
			isa = XCBuildConfiguration;
			baseConfigurationReference = A496D6D72A3935426AB67470 /* Pods-Quotes.debug.xcconfig */;
			buildSettings = {
				ASSETCATALOG_COMPILER_APPICON_NAME = AppIcon;
				ASSETCATALOG_COMPILER_GLOBAL_ACCENT_COLOR_NAME = AccentColor;
				CODE_SIGN_STYLE = Automatic;
				CURRENT_PROJECT_VERSION = 1;
				DEVELOPMENT_TEAM = 6ZF7AMBHJ5;
				GENERATE_INFOPLIST_FILE = YES;
				INFOPLIST_FILE = Quotes/Info.plist;
				INFOPLIST_KEY_UIApplicationSupportsIndirectInputEvents = YES;
				INFOPLIST_KEY_UILaunchStoryboardName = LaunchScreen;
				INFOPLIST_KEY_UIMainStoryboardFile = Main;
				INFOPLIST_KEY_UISupportedInterfaceOrientations_iPad = "UIInterfaceOrientationPortrait UIInterfaceOrientationPortraitUpsideDown UIInterfaceOrientationLandscapeLeft UIInterfaceOrientationLandscapeRight";
				INFOPLIST_KEY_UISupportedInterfaceOrientations_iPhone = "UIInterfaceOrientationPortrait UIInterfaceOrientationLandscapeLeft UIInterfaceOrientationLandscapeRight";
				LD_RUNPATH_SEARCH_PATHS = (
					"$(inherited)",
					"@executable_path/Frameworks",
				);
				MARKETING_VERSION = 1.0;
				PRODUCT_BUNDLE_IDENTIFIER = com.santhosh.Quotes;
				PRODUCT_NAME = "$(TARGET_NAME)";
				SWIFT_EMIT_LOC_STRINGS = YES;
				SWIFT_VERSION = 5.0;
				TARGETED_DEVICE_FAMILY = "1,2";
			};
			name = Debug;
		};
		7F9656D627D9AEE800D67B28 /* Release */ = {
			isa = XCBuildConfiguration;
			baseConfigurationReference = B9E4B2BAEF1A078DAF038FF6 /* Pods-Quotes.release.xcconfig */;
			buildSettings = {
				ASSETCATALOG_COMPILER_APPICON_NAME = AppIcon;
				ASSETCATALOG_COMPILER_GLOBAL_ACCENT_COLOR_NAME = AccentColor;
				CODE_SIGN_STYLE = Automatic;
				CURRENT_PROJECT_VERSION = 1;
				DEVELOPMENT_TEAM = 6ZF7AMBHJ5;
				GENERATE_INFOPLIST_FILE = YES;
				INFOPLIST_FILE = Quotes/Info.plist;
				INFOPLIST_KEY_UIApplicationSupportsIndirectInputEvents = YES;
				INFOPLIST_KEY_UILaunchStoryboardName = LaunchScreen;
				INFOPLIST_KEY_UIMainStoryboardFile = Main;
				INFOPLIST_KEY_UISupportedInterfaceOrientations_iPad = "UIInterfaceOrientationPortrait UIInterfaceOrientationPortraitUpsideDown UIInterfaceOrientationLandscapeLeft UIInterfaceOrientationLandscapeRight";
				INFOPLIST_KEY_UISupportedInterfaceOrientations_iPhone = "UIInterfaceOrientationPortrait UIInterfaceOrientationLandscapeLeft UIInterfaceOrientationLandscapeRight";
				LD_RUNPATH_SEARCH_PATHS = (
					"$(inherited)",
					"@executable_path/Frameworks",
				);
				MARKETING_VERSION = 1.0;
				PRODUCT_BUNDLE_IDENTIFIER = com.santhosh.Quotes;
				PRODUCT_NAME = "$(TARGET_NAME)";
				SWIFT_EMIT_LOC_STRINGS = YES;
				SWIFT_VERSION = 5.0;
				TARGETED_DEVICE_FAMILY = "1,2";
			};
			name = Release;
		};
/* End XCBuildConfiguration section */

/* Begin XCConfigurationList section */
		7F9656B827D9AEE600D67B28 /* Build configuration list for PBXProject "Quotes" */ = {
			isa = XCConfigurationList;
			buildConfigurations = (
				7F9656D227D9AEE800D67B28 /* Debug */,
				7F9656D327D9AEE800D67B28 /* Release */,
			);
			defaultConfigurationIsVisible = 0;
			defaultConfigurationName = Release;
		};
		7F9656D427D9AEE800D67B28 /* Build configuration list for PBXNativeTarget "Quotes" */ = {
			isa = XCConfigurationList;
			buildConfigurations = (
				7F9656D527D9AEE800D67B28 /* Debug */,
				7F9656D627D9AEE800D67B28 /* Release */,
			);
			defaultConfigurationIsVisible = 0;
			defaultConfigurationName = Release;
		};
/* End XCConfigurationList section */

/* Begin XCVersionGroup section */
		7F9656C927D9AEE700D67B28 /* Quotes.xcdatamodeld */ = {
			isa = XCVersionGroup;
			children = (
				7F9656CA27D9AEE700D67B28 /* Quotes.xcdatamodel */,
			);
			currentVersion = 7F9656CA27D9AEE700D67B28 /* Quotes.xcdatamodel */;
			path = Quotes.xcdatamodeld;
			sourceTree = "<group>";
			versionGroupType = wrapper.xcdatamodel;
		};
/* End XCVersionGroup section */
	};
	rootObject = 7F9656B527D9AEE600D67B28 /* Project object */;
}
